// !$*UTF8*$!
{
	archiveVersion = 1;
	classes = {
	};
	objectVersion = 48;
	objects = {

/* Begin PBXBuildFile section */
		027CF8C41FD5A2290048613C /* AppDelegate.swift in Sources */ = {isa = PBXBuildFile; fileRef = 027CF8C31FD5A2290048613C /* AppDelegate.swift */; };
		027CF8C61FD5A2290048613C /* art.scnassets in Resources */ = {isa = PBXBuildFile; fileRef = 027CF8C51FD5A2290048613C /* art.scnassets */; };
		027CF8C81FD5A2290048613C /* ViewController.swift in Sources */ = {isa = PBXBuildFile; fileRef = 027CF8C71FD5A2290048613C /* ViewController.swift */; };
		027CF8CB1FD5A2290048613C /* Main.storyboard in Resources */ = {isa = PBXBuildFile; fileRef = 027CF8C91FD5A2290048613C /* Main.storyboard */; };
		027CF8CD1FD5A2290048613C /* Assets.xcassets in Resources */ = {isa = PBXBuildFile; fileRef = 027CF8CC1FD5A2290048613C /* Assets.xcassets */; };
		027CF8D01FD5A2290048613C /* LaunchScreen.storyboard in Resources */ = {isa = PBXBuildFile; fileRef = 027CF8CE1FD5A2290048613C /* LaunchScreen.storyboard */; };
		027CF8DB1FD5A2290048613C /* starTests.swift in Sources */ = {isa = PBXBuildFile; fileRef = 027CF8DA1FD5A2290048613C /* starTests.swift */; };
		027CF8E61FD5A2290048613C /* starUITests.swift in Sources */ = {isa = PBXBuildFile; fileRef = 027CF8E51FD5A2290048613C /* starUITests.swift */; };
/* End PBXBuildFile section */

/* Begin PBXContainerItemProxy section */
		027CF8D71FD5A2290048613C /* PBXContainerItemProxy */ = {
			isa = PBXContainerItemProxy;
			containerPortal = 027CF8B81FD5A2290048613C /* Project object */;
			proxyType = 1;
			remoteGlobalIDString = 027CF8BF1FD5A2290048613C;
			remoteInfo = star;
		};
		027CF8E21FD5A2290048613C /* PBXContainerItemProxy */ = {
			isa = PBXContainerItemProxy;
			containerPortal = 027CF8B81FD5A2290048613C /* Project object */;
			proxyType = 1;
			remoteGlobalIDString = 027CF8BF1FD5A2290048613C;
			remoteInfo = star;
		};
/* End PBXContainerItemProxy section */

/* Begin PBXFileReference section */
		027CF8C01FD5A2290048613C /* star.app */ = {isa = PBXFileReference; explicitFileType = wrapper.application; includeInIndex = 0; path = star.app; sourceTree = BUILT_PRODUCTS_DIR; };
		027CF8C31FD5A2290048613C /* AppDelegate.swift */ = {isa = PBXFileReference; lastKnownFileType = sourcecode.swift; path = AppDelegate.swift; sourceTree = "<group>"; };
		027CF8C51FD5A2290048613C /* art.scnassets */ = {isa = PBXFileReference; lastKnownFileType = wrapper.scnassets; path = art.scnassets; sourceTree = "<group>"; };
		027CF8C71FD5A2290048613C /* ViewController.swift */ = {isa = PBXFileReference; lastKnownFileType = sourcecode.swift; path = ViewController.swift; sourceTree = "<group>"; };
		027CF8CA1FD5A2290048613C /* Base */ = {isa = PBXFileReference; lastKnownFileType = file.storyboard; name = Base; path = Base.lproj/Main.storyboard; sourceTree = "<group>"; };
		027CF8CC1FD5A2290048613C /* Assets.xcassets */ = {isa = PBXFileReference; lastKnownFileType = folder.assetcatalog; path = Assets.xcassets; sourceTree = "<group>"; };
		027CF8CF1FD5A2290048613C /* Base */ = {isa = PBXFileReference; lastKnownFileType = file.storyboard; name = Base; path = Base.lproj/LaunchScreen.storyboard; sourceTree = "<group>"; };
		027CF8D11FD5A2290048613C /* Info.plist */ = {isa = PBXFileReference; lastKnownFileType = text.plist.xml; path = Info.plist; sourceTree = "<group>"; };
		027CF8D61FD5A2290048613C /* starTests.xctest */ = {isa = PBXFileReference; explicitFileType = wrapper.cfbundle; includeInIndex = 0; path = starTests.xctest; sourceTree = BUILT_PRODUCTS_DIR; };
		027CF8DA1FD5A2290048613C /* starTests.swift */ = {isa = PBXFileReference; lastKnownFileType = sourcecode.swift; path = starTests.swift; sourceTree = "<group>"; };
		027CF8DC1FD5A2290048613C /* Info.plist */ = {isa = PBXFileReference; lastKnownFileType = text.plist.xml; path = Info.plist; sourceTree = "<group>"; };
		027CF8E11FD5A2290048613C /* starUITests.xctest */ = {isa = PBXFileReference; explicitFileType = wrapper.cfbundle; includeInIndex = 0; path = starUITests.xctest; sourceTree = BUILT_PRODUCTS_DIR; };
		027CF8E51FD5A2290048613C /* starUITests.swift */ = {isa = PBXFileReference; lastKnownFileType = sourcecode.swift; path = starUITests.swift; sourceTree = "<group>"; };
		027CF8E71FD5A2290048613C /* Info.plist */ = {isa = PBXFileReference; lastKnownFileType = text.plist.xml; path = Info.plist; sourceTree = "<group>"; };
/* End PBXFileReference section */

/* Begin PBXFrameworksBuildPhase section */
		027CF8BD1FD5A2290048613C /* Frameworks */ = {
			isa = PBXFrameworksBuildPhase;
			buildActionMask = 2147483647;
			files = (
			);
			runOnlyForDeploymentPostprocessing = 0;
		};
		027CF8D31FD5A2290048613C /* Frameworks */ = {
			isa = PBXFrameworksBuildPhase;
			buildActionMask = 2147483647;
			files = (
			);
			runOnlyForDeploymentPostprocessing = 0;
		};
		027CF8DE1FD5A2290048613C /* Frameworks */ = {
			isa = PBXFrameworksBuildPhase;
			buildActionMask = 2147483647;
			files = (
			);
			runOnlyForDeploymentPostprocessing = 0;
		};
/* End PBXFrameworksBuildPhase section */

/* Begin PBXGroup section */
		027CF8B71FD5A2290048613C = {
			isa = PBXGroup;
			children = (
				027CF8C21FD5A2290048613C /* star */,
				027CF8D91FD5A2290048613C /* starTests */,
				027CF8E41FD5A2290048613C /* starUITests */,
				027CF8C11FD5A2290048613C /* Products */,
			);
			sourceTree = "<group>";
		};
		027CF8C11FD5A2290048613C /* Products */ = {
			isa = PBXGroup;
			children = (
				027CF8C01FD5A2290048613C /* star.app */,
				027CF8D61FD5A2290048613C /* starTests.xctest */,
				027CF8E11FD5A2290048613C /* starUITests.xctest */,
			);
			name = Products;
			sourceTree = "<group>";
		};
		027CF8C21FD5A2290048613C /* star */ = {
			isa = PBXGroup;
			children = (
				027CF8C31FD5A2290048613C /* AppDelegate.swift */,
				027CF8C51FD5A2290048613C /* art.scnassets */,
				027CF8C71FD5A2290048613C /* ViewController.swift */,
				027CF8C91FD5A2290048613C /* Main.storyboard */,
				027CF8CC1FD5A2290048613C /* Assets.xcassets */,
				027CF8CE1FD5A2290048613C /* LaunchScreen.storyboard */,
				027CF8D11FD5A2290048613C /* Info.plist */,
			);
			path = star;
			sourceTree = "<group>";
		};
		027CF8D91FD5A2290048613C /* starTests */ = {
			isa = PBXGroup;
			children = (
				027CF8DA1FD5A2290048613C /* starTests.swift */,
				027CF8DC1FD5A2290048613C /* Info.plist */,
			);
			path = starTests;
			sourceTree = "<group>";
		};
		027CF8E41FD5A2290048613C /* starUITests */ = {
			isa = PBXGroup;
			children = (
				027CF8E51FD5A2290048613C /* starUITests.swift */,
				027CF8E71FD5A2290048613C /* Info.plist */,
			);
			path = starUITests;
			sourceTree = "<group>";
		};
/* End PBXGroup section */

/* Begin PBXNativeTarget section */
		027CF8BF1FD5A2290048613C /* star */ = {
			isa = PBXNativeTarget;
			buildConfigurationList = 027CF8EA1FD5A2290048613C /* Build configuration list for PBXNativeTarget "star" */;
			buildPhases = (
				027CF8BC1FD5A2290048613C /* Sources */,
				027CF8BD1FD5A2290048613C /* Frameworks */,
				027CF8BE1FD5A2290048613C /* Resources */,
			);
			buildRules = (
			);
			dependencies = (
			);
			name = star;
			productName = star;
			productReference = 027CF8C01FD5A2290048613C /* star.app */;
			productType = "com.apple.product-type.application";
		};
		027CF8D51FD5A2290048613C /* starTests */ = {
			isa = PBXNativeTarget;
			buildConfigurationList = 027CF8ED1FD5A2290048613C /* Build configuration list for PBXNativeTarget "starTests" */;
			buildPhases = (
				027CF8D21FD5A2290048613C /* Sources */,
				027CF8D31FD5A2290048613C /* Frameworks */,
				027CF8D41FD5A2290048613C /* Resources */,
			);
			buildRules = (
			);
			dependencies = (
				027CF8D81FD5A2290048613C /* PBXTargetDependency */,
			);
			name = starTests;
			productName = starTests;
			productReference = 027CF8D61FD5A2290048613C /* starTests.xctest */;
			productType = "com.apple.product-type.bundle.unit-test";
		};
		027CF8E01FD5A2290048613C /* starUITests */ = {
			isa = PBXNativeTarget;
			buildConfigurationList = 027CF8F01FD5A2290048613C /* Build configuration list for PBXNativeTarget "starUITests" */;
			buildPhases = (
				027CF8DD1FD5A2290048613C /* Sources */,
				027CF8DE1FD5A2290048613C /* Frameworks */,
				027CF8DF1FD5A2290048613C /* Resources */,
			);
			buildRules = (
			);
			dependencies = (
				027CF8E31FD5A2290048613C /* PBXTargetDependency */,
			);
			name = starUITests;
			productName = starUITests;
			productReference = 027CF8E11FD5A2290048613C /* starUITests.xctest */;
			productType = "com.apple.product-type.bundle.ui-testing";
		};
/* End PBXNativeTarget section */

/* Begin PBXProject section */
		027CF8B81FD5A2290048613C /* Project object */ = {
			isa = PBXProject;
			attributes = {
				LastSwiftUpdateCheck = 0920;
				LastUpgradeCheck = 0920;
				ORGANIZATIONNAME = "Jaycee Holmes";
				TargetAttributes = {
					027CF8BF1FD5A2290048613C = {
						CreatedOnToolsVersion = 9.2;
						ProvisioningStyle = Automatic;
					};
					027CF8D51FD5A2290048613C = {
						CreatedOnToolsVersion = 9.2;
						ProvisioningStyle = Automatic;
						TestTargetID = 027CF8BF1FD5A2290048613C;
					};
					027CF8E01FD5A2290048613C = {
						CreatedOnToolsVersion = 9.2;
						ProvisioningStyle = Automatic;
						TestTargetID = 027CF8BF1FD5A2290048613C;
					};
				};
			};
			buildConfigurationList = 027CF8BB1FD5A2290048613C /* Build configuration list for PBXProject "star" */;
			compatibilityVersion = "Xcode 8.0";
			developmentRegion = en;
			hasScannedForEncodings = 0;
			knownRegions = (
				en,
				Base,
			);
			mainGroup = 027CF8B71FD5A2290048613C;
			productRefGroup = 027CF8C11FD5A2290048613C /* Products */;
			projectDirPath = "";
			projectRoot = "";
			targets = (
				027CF8BF1FD5A2290048613C /* star */,
				027CF8D51FD5A2290048613C /* starTests */,
				027CF8E01FD5A2290048613C /* starUITests */,
			);
		};
/* End PBXProject section */

/* Begin PBXResourcesBuildPhase section */
		027CF8BE1FD5A2290048613C /* Resources */ = {
			isa = PBXResourcesBuildPhase;
			buildActionMask = 2147483647;
			files = (
				027CF8C61FD5A2290048613C /* art.scnassets in Resources */,
				027CF8D01FD5A2290048613C /* LaunchScreen.storyboard in Resources */,
				027CF8CD1FD5A2290048613C /* Assets.xcassets in Resources */,
				027CF8CB1FD5A2290048613C /* Main.storyboard in Resources */,
			);
			runOnlyForDeploymentPostprocessing = 0;
		};
		027CF8D41FD5A2290048613C /* Resources */ = {
			isa = PBXResourcesBuildPhase;
			buildActionMask = 2147483647;
			files = (
			);
			runOnlyForDeploymentPostprocessing = 0;
		};
		027CF8DF1FD5A2290048613C /* Resources */ = {
			isa = PBXResourcesBuildPhase;
			buildActionMask = 2147483647;
			files = (
			);
			runOnlyForDeploymentPostprocessing = 0;
		};
/* End PBXResourcesBuildPhase section */

/* Begin PBXSourcesBuildPhase section */
		027CF8BC1FD5A2290048613C /* Sources */ = {
			isa = PBXSourcesBuildPhase;
			buildActionMask = 2147483647;
			files = (
				027CF8C81FD5A2290048613C /* ViewController.swift in Sources */,
				027CF8C41FD5A2290048613C /* AppDelegate.swift in Sources */,
			);
			runOnlyForDeploymentPostprocessing = 0;
		};
		027CF8D21FD5A2290048613C /* Sources */ = {
			isa = PBXSourcesBuildPhase;
			buildActionMask = 2147483647;
			files = (
				027CF8DB1FD5A2290048613C /* starTests.swift in Sources */,
			);
			runOnlyForDeploymentPostprocessing = 0;
		};
		027CF8DD1FD5A2290048613C /* Sources */ = {
			isa = PBXSourcesBuildPhase;
			buildActionMask = 2147483647;
			files = (
				027CF8E61FD5A2290048613C /* starUITests.swift in Sources */,
			);
			runOnlyForDeploymentPostprocessing = 0;
		};
/* End PBXSourcesBuildPhase section */

/* Begin PBXTargetDependency section */
		027CF8D81FD5A2290048613C /* PBXTargetDependency */ = {
			isa = PBXTargetDependency;
			target = 027CF8BF1FD5A2290048613C /* star */;
			targetProxy = 027CF8D71FD5A2290048613C /* PBXContainerItemProxy */;
		};
		027CF8E31FD5A2290048613C /* PBXTargetDependency */ = {
			isa = PBXTargetDependency;
			target = 027CF8BF1FD5A2290048613C /* star */;
			targetProxy = 027CF8E21FD5A2290048613C /* PBXContainerItemProxy */;
		};
/* End PBXTargetDependency section */

/* Begin PBXVariantGroup section */
		027CF8C91FD5A2290048613C /* Main.storyboard */ = {
			isa = PBXVariantGroup;
			children = (
				027CF8CA1FD5A2290048613C /* Base */,
			);
			name = Main.storyboard;
			sourceTree = "<group>";
		};
		027CF8CE1FD5A2290048613C /* LaunchScreen.storyboard */ = {
			isa = PBXVariantGroup;
			children = (
				027CF8CF1FD5A2290048613C /* Base */,
			);
			name = LaunchScreen.storyboard;
			sourceTree = "<group>";
		};
/* End PBXVariantGroup section */

/* Begin XCBuildConfiguration section */
		027CF8E81FD5A2290048613C /* Debug */ = {
			isa = XCBuildConfiguration;
			buildSettings = {
				ALWAYS_SEARCH_USER_PATHS = NO;
				CLANG_ANALYZER_NONNULL = YES;
				CLANG_ANALYZER_NUMBER_OBJECT_CONVERSION = YES_AGGRESSIVE;
				CLANG_CXX_LANGUAGE_STANDARD = "gnu++14";
				CLANG_CXX_LIBRARY = "libc++";
				CLANG_ENABLE_MODULES = YES;
				CLANG_ENABLE_OBJC_ARC = YES;
				CLANG_WARN_BLOCK_CAPTURE_AUTORELEASING = YES;
				CLANG_WARN_BOOL_CONVERSION = YES;
				CLANG_WARN_COMMA = YES;
				CLANG_WARN_CONSTANT_CONVERSION = YES;
				CLANG_WARN_DIRECT_OBJC_ISA_USAGE = YES_ERROR;
				CLANG_WARN_DOCUMENTATION_COMMENTS = YES;
				CLANG_WARN_EMPTY_BODY = YES;
				CLANG_WARN_ENUM_CONVERSION = YES;
				CLANG_WARN_INFINITE_RECURSION = YES;
				CLANG_WARN_INT_CONVERSION = YES;
				CLANG_WARN_NON_LITERAL_NULL_CONVERSION = YES;
				CLANG_WARN_OBJC_LITERAL_CONVERSION = YES;
				CLANG_WARN_OBJC_ROOT_CLASS = YES_ERROR;
				CLANG_WARN_RANGE_LOOP_ANALYSIS = YES;
				CLANG_WARN_STRICT_PROTOTYPES = YES;
				CLANG_WARN_SUSPICIOUS_MOVE = YES;
				CLANG_WARN_UNGUARDED_AVAILABILITY = YES_AGGRESSIVE;
				CLANG_WARN_UNREACHABLE_CODE = YES;
				CLANG_WARN__DUPLICATE_METHOD_MATCH = YES;
				CODE_SIGN_IDENTITY = "iPhone Developer";
				COPY_PHASE_STRIP = NO;
				DEBUG_INFORMATION_FORMAT = dwarf;
				ENABLE_STRICT_OBJC_MSGSEND = YES;
				ENABLE_TESTABILITY = YES;
				GCC_C_LANGUAGE_STANDARD = gnu11;
				GCC_DYNAMIC_NO_PIC = NO;
				GCC_NO_COMMON_BLOCKS = YES;
				GCC_OPTIMIZATION_LEVEL = 0;
				GCC_PREPROCESSOR_DEFINITIONS = (
					"DEBUG=1",
					"$(inherited)",
				);
				GCC_WARN_64_TO_32_BIT_CONVERSION = YES;
				GCC_WARN_ABOUT_RETURN_TYPE = YES_ERROR;
				GCC_WARN_UNDECLARED_SELECTOR = YES;
				GCC_WARN_UNINITIALIZED_AUTOS = YES_AGGRESSIVE;
				GCC_WARN_UNUSED_FUNCTION = YES;
				GCC_WARN_UNUSED_VARIABLE = YES;
				IPHONEOS_DEPLOYMENT_TARGET = 11.2;
				MTL_ENABLE_DEBUG_INFO = YES;
				ONLY_ACTIVE_ARCH = YES;
				SDKROOT = iphoneos;
				SWIFT_ACTIVE_COMPILATION_CONDITIONS = DEBUG;
				SWIFT_OPTIMIZATION_LEVEL = "-Onone";
			};
			name = Debug;
		};
		027CF8E91FD5A2290048613C /* Release */ = {
			isa = XCBuildConfiguration;
			buildSettings = {
				ALWAYS_SEARCH_USER_PATHS = NO;
				CLANG_ANALYZER_NONNULL = YES;
				CLANG_ANALYZER_NUMBER_OBJECT_CONVERSION = YES_AGGRESSIVE;
				CLANG_CXX_LANGUAGE_STANDARD = "gnu++14";
				CLANG_CXX_LIBRARY = "libc++";
				CLANG_ENABLE_MODULES = YES;
				CLANG_ENABLE_OBJC_ARC = YES;
				CLANG_WARN_BLOCK_CAPTURE_AUTORELEASING = YES;
				CLANG_WARN_BOOL_CONVERSION = YES;
				CLANG_WARN_COMMA = YES;
				CLANG_WARN_CONSTANT_CONVERSION = YES;
				CLANG_WARN_DIRECT_OBJC_ISA_USAGE = YES_ERROR;
				CLANG_WARN_DOCUMENTATION_COMMENTS = YES;
				CLANG_WARN_EMPTY_BODY = YES;
				CLANG_WARN_ENUM_CONVERSION = YES;
				CLANG_WARN_INFINITE_RECURSION = YES;
				CLANG_WARN_INT_CONVERSION = YES;
				CLANG_WARN_NON_LITERAL_NULL_CONVERSION = YES;
				CLANG_WARN_OBJC_LITERAL_CONVERSION = YES;
				CLANG_WARN_OBJC_ROOT_CLASS = YES_ERROR;
				CLANG_WARN_RANGE_LOOP_ANALYSIS = YES;
				CLANG_WARN_STRICT_PROTOTYPES = YES;
				CLANG_WARN_SUSPICIOUS_MOVE = YES;
				CLANG_WARN_UNGUARDED_AVAILABILITY = YES_AGGRESSIVE;
				CLANG_WARN_UNREACHABLE_CODE = YES;
				CLANG_WARN__DUPLICATE_METHOD_MATCH = YES;
				CODE_SIGN_IDENTITY = "iPhone Developer";
				COPY_PHASE_STRIP = NO;
				DEBUG_INFORMATION_FORMAT = "dwarf-with-dsym";
				ENABLE_NS_ASSERTIONS = NO;
				ENABLE_STRICT_OBJC_MSGSEND = YES;
				GCC_C_LANGUAGE_STANDARD = gnu11;
				GCC_NO_COMMON_BLOCKS = YES;
				GCC_WARN_64_TO_32_BIT_CONVERSION = YES;
				GCC_WARN_ABOUT_RETURN_TYPE = YES_ERROR;
				GCC_WARN_UNDECLARED_SELECTOR = YES;
				GCC_WARN_UNINITIALIZED_AUTOS = YES_AGGRESSIVE;
				GCC_WARN_UNUSED_FUNCTION = YES;
				GCC_WARN_UNUSED_VARIABLE = YES;
				IPHONEOS_DEPLOYMENT_TARGET = 11.2;
				MTL_ENABLE_DEBUG_INFO = NO;
				SDKROOT = iphoneos;
				SWIFT_OPTIMIZATION_LEVEL = "-Owholemodule";
				VALIDATE_PRODUCT = YES;
			};
			name = Release;
		};
		027CF8EB1FD5A2290048613C /* Debug */ = {
			isa = XCBuildConfiguration;
			buildSettings = {
				ASSETCATALOG_COMPILER_APPICON_NAME = AppIcon;
				CODE_SIGN_STYLE = Automatic;
				DEVELOPMENT_TEAM = QXWRNJ23K3;
				INFOPLIST_FILE = star/Info.plist;
				LD_RUNPATH_SEARCH_PATHS = "$(inherited) @executable_path/Frameworks";
				PRODUCT_BUNDLE_IDENTIFIER = burgundy.star;
				PRODUCT_NAME = "$(TARGET_NAME)";
				SWIFT_VERSION = 4.0;
				TARGETED_DEVICE_FAMILY = "1,2";
			};
			name = Debug;
		};
		027CF8EC1FD5A2290048613C /* Release */ = {
			isa = XCBuildConfiguration;
			buildSettings = {
				ASSETCATALOG_COMPILER_APPICON_NAME = AppIcon;
				CODE_SIGN_STYLE = Automatic;
				DEVELOPMENT_TEAM = QXWRNJ23K3;
				INFOPLIST_FILE = star/Info.plist;
				LD_RUNPATH_SEARCH_PATHS = "$(inherited) @executable_path/Frameworks";
				PRODUCT_BUNDLE_IDENTIFIER = burgundy.star;
				PRODUCT_NAME = "$(TARGET_NAME)";
				SWIFT_VERSION = 4.0;
				TARGETED_DEVICE_FAMILY = "1,2";
			};
			name = Release;
		};
		027CF8EE1FD5A2290048613C /* Debug */ = {
			isa = XCBuildConfiguration;
			buildSettings = {
				ALWAYS_EMBED_SWIFT_STANDARD_LIBRARIES = YES;
				BUNDLE_LOADER = "$(TEST_HOST)";
				CODE_SIGN_STYLE = Automatic;
				INFOPLIST_FILE = starTests/Info.plist;
				LD_RUNPATH_SEARCH_PATHS = "$(inherited) @executable_path/Frameworks @loader_path/Frameworks";
				PRODUCT_BUNDLE_IDENTIFIER = burgundy.starTests;
				PRODUCT_NAME = "$(TARGET_NAME)";
				SWIFT_VERSION = 4.0;
				TARGETED_DEVICE_FAMILY = "1,2";
				TEST_HOST = "$(BUILT_PRODUCTS_DIR)/star.app/star";
			};
			name = Debug;
		};
		027CF8EF1FD5A2290048613C /* Release */ = {
			isa = XCBuildConfiguration;
			buildSettings = {
				ALWAYS_EMBED_SWIFT_STANDARD_LIBRARIES = YES;
				BUNDLE_LOADER = "$(TEST_HOST)";
				CODE_SIGN_STYLE = Automatic;
				INFOPLIST_FILE = starTests/Info.plist;
				LD_RUNPATH_SEARCH_PATHS = "$(inherited) @executable_path/Frameworks @loader_path/Frameworks";
				PRODUCT_BUNDLE_IDENTIFIER = burgundy.starTests;
				PRODUCT_NAME = "$(TARGET_NAME)";
				SWIFT_VERSION = 4.0;
				TARGETED_DEVICE_FAMILY = "1,2";
				TEST_HOST = "$(BUILT_PRODUCTS_DIR)/star.app/star";
			};
			name = Release;
		};
		027CF8F11FD5A2290048613C /* Debug */ = {
			isa = XCBuildConfiguration;
			buildSettings = {
				ALWAYS_EMBED_SWIFT_STANDARD_LIBRARIES = YES;
				CODE_SIGN_STYLE = Automatic;
				INFOPLIST_FILE = starUITests/Info.plist;
				LD_RUNPATH_SEARCH_PATHS = "$(inherited) @executable_path/Frameworks @loader_path/Frameworks";
				PRODUCT_BUNDLE_IDENTIFIER = burgundy.starUITests;
				PRODUCT_NAME = "$(TARGET_NAME)";
				SWIFT_VERSION = 4.0;
				TARGETED_DEVICE_FAMILY = "1,2";
				TEST_TARGET_NAME = star;
			};
			name = Debug;
		};
		027CF8F21FD5A2290048613C /* Release */ = {
			isa = XCBuildConfiguration;
			buildSettings = {
				ALWAYS_EMBED_SWIFT_STANDARD_LIBRARIES = YES;
				CODE_SIGN_STYLE = Automatic;
				INFOPLIST_FILE = starUITests/Info.plist;
				LD_RUNPATH_SEARCH_PATHS = "$(inherited) @executable_path/Frameworks @loader_path/Frameworks";
				PRODUCT_BUNDLE_IDENTIFIER = burgundy.starUITests;
				PRODUCT_NAME = "$(TARGET_NAME)";
				SWIFT_VERSION = 4.0;
				TARGETED_DEVICE_FAMILY = "1,2";
				TEST_TARGET_NAME = star;
			};
			name = Release;
		};
/* End XCBuildConfiguration section */

/* Begin XCConfigurationList section */
		027CF8BB1FD5A2290048613C /* Build configuration list for PBXProject "star" */ = {
			isa = XCConfigurationList;
			buildConfigurations = (
				027CF8E81FD5A2290048613C /* Debug */,
				027CF8E91FD5A2290048613C /* Release */,
			);
			defaultConfigurationIsVisible = 0;
			defaultConfigurationName = Release;
		};
		027CF8EA1FD5A2290048613C /* Build configuration list for PBXNativeTarget "star" */ = {
			isa = XCConfigurationList;
			buildConfigurations = (
				027CF8EB1FD5A2290048613C /* Debug */,
				027CF8EC1FD5A2290048613C /* Release */,
			);
			defaultConfigurationIsVisible = 0;
			defaultConfigurationName = Release;
		};
		027CF8ED1FD5A2290048613C /* Build configuration list for PBXNativeTarget "starTests" */ = {
			isa = XCConfigurationList;
			buildConfigurations = (
				027CF8EE1FD5A2290048613C /* Debug */,
				027CF8EF1FD5A2290048613C /* Release */,
			);
			defaultConfigurationIsVisible = 0;
			defaultConfigurationName = Release;
		};
		027CF8F01FD5A2290048613C /* Build configuration list for PBXNativeTarget "starUITests" */ = {
			isa = XCConfigurationList;
			buildConfigurations = (
				027CF8F11FD5A2290048613C /* Debug */,
				027CF8F21FD5A2290048613C /* Release */,
			);
			defaultConfigurationIsVisible = 0;
			defaultConfigurationName = Release;
		};
/* End XCConfigurationList section */
	};
	rootObject = 027CF8B81FD5A2290048613C /* Project object */;
}
